
Microsoft Visual Studio Solution File, Format Version 12.00
# Visual Studio Version 17
VisualStudioVersion = 17.3.32825.248
MinimumVisualStudioVersion = 10.0.40219.1
Project("{FAE04EC0-301F-11D3-BF4B-00C04F79EFBC}") = "SqlPractice", "SqlPractice\SqlPractice.csproj", "{84185BF4-E62C-431F-9E56-FE0FA87C066F}"
EndProject
Global
	GlobalSection(SolutionConfigurationPlatforms) = preSolution
		Debug|Any CPU = Debug|Any CPU
		Release|Any CPU = Release|Any CPU
	EndGlobalSection
	GlobalSection(ProjectConfigurationPlatforms) = postSolution
		{84185BF4-E62C-431F-9E56-FE0FA87C066F}.Debug|Any CPU.ActiveCfg = Debug|Any CPU
		{84185BF4-E62C-431F-9E56-FE0FA87C066F}.Debug|Any CPU.Build.0 = Debug|Any CPU
		{84185BF4-E62C-431F-9E56-FE0FA87C066F}.Release|Any CPU.ActiveCfg = Release|Any CPU
		{84185BF4-E62C-431F-9E56-FE0FA87C066F}.Release|Any CPU.Build.0 = Release|Any CPU
	EndGlobalSection
	GlobalSection(SolutionProperties) = preSolution
		HideSolutionNode = FALSE
	EndGlobalSection
	GlobalSection(ExtensibilityGlobals) = postSolution
		SolutionGuid = {189B0741-B955-4FDE-B6BC-A5AA6E55383D}
	EndGlobalSection
EndGlobal
